
Microsoft Visual Studio Solution File, Format Version 12.00
# Visual Studio 15
VisualStudioVersion = 15.0.27428.2043
MinimumVisualStudioVersion = 10.0.40219.1
Project("{FAE04EC0-301F-11D3-BF4B-00C04F79EFBC}") = "mantis-tests", "mantis-tests\mantis-tests.csproj", "{C3453C78-D045-4575-951C-903F2EA304BE}"
EndProject
Global
	GlobalSection(SolutionConfigurationPlatforms) = preSolution
		Debug|Any CPU = Debug|Any CPU
		Release|Any CPU = Release|Any CPU
	EndGlobalSection
	GlobalSection(ProjectConfigurationPlatforms) = postSolution
		{C3453C78-D045-4575-951C-903F2EA304BE}.Debug|Any CPU.ActiveCfg = Debug|Any CPU
		{C3453C78-D045-4575-951C-903F2EA304BE}.Debug|Any CPU.Build.0 = Debug|Any CPU
		{C3453C78-D045-4575-951C-903F2EA304BE}.Release|Any CPU.ActiveCfg = Release|Any CPU
		{C3453C78-D045-4575-951C-903F2EA304BE}.Release|Any CPU.Build.0 = Release|Any CPU
	EndGlobalSection
	GlobalSection(SolutionProperties) = preSolution
		HideSolutionNode = FALSE
	EndGlobalSection
	GlobalSection(ExtensibilityGlobals) = postSolution
		SolutionGuid = {A6783715-B367-4CFE-8FD3-CE22C77BEFEF}
	EndGlobalSection
EndGlobal
